{
  "name": "quantumleap-platform",
  "version": "1.0.0",
  "lockfileVersion": 3,
  "requires": true,
  "packages": {
    "": {
      "name": "quantumleap-platform",
      "version": "1.0.0",
      "license": "ISC",
      "dependencies": {
        "concurrently": "^8.2.2"
      }
    },
    "node_modules/concurrently": {
      "version": "8.2.2",
      "resolved": "https://registry.npmjs.org/concurrently/-/concurrently-8.2.2.tgz",
      "integrity": "sha512-9I4gxqHh+6T2BtfjIqQpgT4l4Z6xx6xr9KL6HqY+xnc6/26Bj2la/x15iaaJ8OrfM0fgqDw5q/7gW7z+YqyPqHQ==",
      "dependencies": {
        "chalk": "^4.1.2",
        "date-fns": "^2.29.3",
        "lodash": "^4.17.21",
        "spawn-command": "^0.0.2-1",
        "supports-color": "^7.2.0"
      },
      "bin": {
        "concurrently": "bin/concurrently.js"
      },
      "engines": {
        "node": ">=14.0.0"
      }
    },
    "node_modules/chalk": {
      "version": "4.1.2",
      "resolved": "https://registry.npmjs.org/chalk/-/chalk-4.1.2.tgz",
      "integrity": "sha512-oKnbhFyRIXpUuez8iBMmyEe4efjQODdWqpBQEDq7VxKDTXZqhfeqJlsIkQfAz2db90Vko2Yi0XlM5xka3pC+KQ==",
      "dependencies": {
        "ansi-styles": "^4.1.0",
        "supports-color": "^7.1.0"
      },
      "engines": {
        "node": ">=10"
      }
    },
    "node_modules/ansi-styles": {
      "version": "4.3.0",
      "resolved": "https://registry.npmjs.org/ansi-styles/-/ansi-styles-4.3.0.tgz",
      "integrity": "sha512-zbB9rCJAT1rbjiVDb6hKauYT+F5D8ZJ3MCa1nT1DV5kyjUGD7bKU9Sx8Hx6SxxEGIhtDp4Z0Qd67hKfVk/5S6g==",
      "dependencies": {
        "color-convert": "^2.0.1"
      },
      "engines": {
        "node": ">=8"
      }
    },
    "node_modules/color-convert": {
      "version": "2.0.1",
      "resolved": "https://registry.npmjs.org/color-convert/-/color-convert-2.0.1.tgz",
      "integrity": "sha512-RRECPsj7iu/xb5oKYcsFHSppFNnsj/52OVTRKb4zP5onXwVF3zVpxToVcKRYMkaivV/1QkB8dJUZ1M51iCqR6g==",
      "dependencies": {
        "color-name": "~1.1.4"
      }
    },
    "node_modules/color-name": {
      "version": "1.1.4",
      "resolved": "https://registry.npmjs.org/color-name/-/color-name-1.1.4.tgz",
      "integrity": "sha512-dOy+3AuW3a2wNbZHIuMZPTcgjqU5PHD+ZKUn3CjFHlBE+hp3GCH0nCk4pikBy3I1DaTL2N5HZgT/9jd1vlG2/5g=="
    },
    "node_modules/date-fns": {
      "version": "2.29.3",
      "resolved": "https://registry.npmjs.org/date-fns/-/date-fns-2.29.3.tgz",
      "integrity": "sha512-dDCnyH2WnnKusqvZZ6+jA1O51IbtjZcHe8JKv9QpR4y37NghuN+uLOQxzD0qsP5w/7V/djEccuj02Kj3IOql3Q==",
      "engines": {
        "node": ">=0.11"
      },
      "funding": {
        "type": "opencollective",
        "url": "https://opencollective.com/date-fns"
      }
    },
    "node_modules/lodash": {
      "version": "4.17.21",
      "resolved": "https://registry.npmjs.org/lodash/-/lodash-4.17.21.tgz",
      "integrity": "sha512-v2kDEe57lecTulaDIuNTPy3Ry4gLGJ6Z1O3vE1krgXZN0QJ7IevH2XZb4fxHdcyFf7u2EZATzYXGqHdUfHlw5lQ=="
    },
    "node_modules/spawn-command": {
      "version": "0.0.2-1",
      "resolved": "https://registry.npmjs.org/spawn-command/-/spawn-command-0.0.2-1.tgz",
      "integrity": "sha1-YvXpRmmBstbe0Sf0jYH60SZDW0M=",
      "dependencies": {
        "cross-spawn": "^7.0.3"
      }
    },
    "node_modules/cross-spawn": {
      "version": "7.0.3",
      "resolved": "https://registry.npmjs.org/cross-spawn/-/cross-spawn-7.0.3.tgz",
      "integrity": "sha512-iRDPJKUPVENDVdhdO7QuXKzVf6WgaTpclu6qx4TOSy+oj9FjG2c0UvJ4M5coMJo9v4T+no7Z1Pvjh0xCZBFgBw==",
      "dependencies": {
        "path-key": "^3.1.0",
        "shebang-command": "^2.0.0",
        "which": "^2.0.1"
      },
      "engines": {
        "node": ">= 8"
      }
    },
    "node_modules/path-key": {
      "version": "3.1.1",
      "resolved": "https://registry.npmjs.org/path-key/-/path-key-3.1.1.tgz",
      "integrity": "sha512-ojmeN0qd+y0jszEtoY48r0PqoQM4i/ZiHJvUlK/03E2Y0j04ruxMNeA4TtHJPk4XK37y+UOjrdxQcBWvfBWtAg==",
      "engines": {
        "node": ">=8"
      }
    },
    "node_modules/shebang-command": {
      "version": "2.0.0",
      "resolved": "https://registry.npmjs.org/shebang-command/-/shebang-command-2.0.0.tgz",
      "integrity": "sha512-kHxr2zZpYtdmr/1MXlfRkLPXeD8TcK4dGT+xwYpPfIwMlR0x2lIH4XbZw7x3p3EdT15Zy8kGn8D9HqWHxZvqA==",
      "dependencies": {
        "shebang-regex": "^3.0.0"
      },
      "engines": {
        "node": ">=8"
      }
    },
    "node_modules/shebang-regex": {
      "version": "3.0.0",
      "resolved": "https://registry.npmjs.org/shebang-regex/-/shebang-regex-3.0.0.tgz",
      "integrity": "sha512-7++dFhtcx3353uBaq8DDR4NuxBetBzCbuZhiZy/TZqJ+PyBYEi1x0XD16JSXfBjz0b2zCH+uSxtUr5HT1fQOQ==",
      "engines": {
        "node": ">=8"
      }
    },
    "node_modules/which": {
      "version": "2.0.2",
      "resolved": "https://registry.npmjs.org/which/-/which-2.0.2.tgz",
      "integrity": "sha512-BLI3Tl1TW3Pvl70l3WqH05NCDK4w0R1sGy9TD/gsODavXSKvMqGeocq7f1nrvzGanAZLJBcJrsX9wY2A0dXdgw==",
      "dependencies": {
        "isexe": "^2.0.0"
      },
      "bin": {
        "which": "bin/which"
      },
      "engines": {
        "node": ">= 8"
      }
    },
    "node_modules/isexe": {
      "version": "2.0.0",
      "resolved": "https://registry.npmjs.org/isexe/-/isexe-2.0.0.tgz",
      "integrity": "sha512-RHxAIp9saKrxSg5FX59s7Pj9+vr5cS9W4ViSXQXCyKBRTZr4+ehRDRNlVTFG8he44fXNlDzxhwraTAP7M4ZOA==",
      "engines": {
        "node": ">= 8"
      }
    },
    "node_modules/supports-color": {
      "version": "7.2.0",
      "resolved": "https://registry.npmjs.org/supports-color/-/supports-color-7.2.0.tgz",
      "integrity": "sha512-qpCAvRl9stuOHveKsn7Hnc6vvtesKvYM9YJZUfc2oN1r0Yx9HojckSXQ8OpT0YUQQIlG+aM2FZ36o5Q1tE4/8Q==",
      "dependencies": {
        "has-flag": "^4.0.0"
      },
      "engines": {
        "node": ">=8"
      }
    },
    "node_modules/has-flag": {
      "version": "4.0.0",
      "resolved": "https://registry.npmjs.org/has-flag/-/has-flag-4.0.0.tgz",
      "integrity": "sha512-EykJT/Q1KjTWctppgIAgfSO0tKVuZUjhgMr17kqTumMl6Afv3EISleU7qZUzoXDFTAHTDC4NOoG/ZxU3EvlMPQ==",
      "engines": {
        "node": ">=8"
      }
    }
  }
}
